// !$*UTF8*$!
{
	archiveVersion = 1;
	classes = {
	};
	objectVersion = 46;
	objects = {

/* Begin PBXBuildFile section */
		40D13E7F1A8F670A008123B8 /* AppDelegate.swift in Sources */ = {isa = PBXBuildFile; fileRef = 40D13E7E1A8F670A008123B8 /* AppDelegate.swift */; };
		40D13E811A8F670A008123B8 /* ViewController.swift in Sources */ = {isa = PBXBuildFile; fileRef = 40D13E801A8F670A008123B8 /* ViewController.swift */; };
		40D13E841A8F670A008123B8 /* Main.storyboard in Resources */ = {isa = PBXBuildFile; fileRef = 40D13E821A8F670A008123B8 /* Main.storyboard */; };
		40D13E861A8F670A008123B8 /* Images.xcassets in Resources */ = {isa = PBXBuildFile; fileRef = 40D13E851A8F670A008123B8 /* Images.xcassets */; };
		40D13E891A8F670A008123B8 /* LaunchScreen.xib in Resources */ = {isa = PBXBuildFile; fileRef = 40D13E871A8F670A008123B8 /* LaunchScreen.xib */; };
		40D13E951A8F670A008123B8 /* Control_FunTests.swift in Sources */ = {isa = PBXBuildFile; fileRef = 40D13E941A8F670A008123B8 /* Control_FunTests.swift */; };
/* End PBXBuildFile section */

/* Begin PBXContainerItemProxy section */
		40D13E8F1A8F670A008123B8 /* PBXContainerItemProxy */ = {
			isa = PBXContainerItemProxy;
			containerPortal = 40D13E711A8F670A008123B8 /* Project object */;
			proxyType = 1;
			remoteGlobalIDString = 40D13E781A8F670A008123B8;
			remoteInfo = "Control Fun";
		};
/* End PBXContainerItemProxy section */

/* Begin PBXFileReference section */
		40D13E791A8F670A008123B8 /* Control Fun.app */ = {isa = PBXFileReference; explicitFileType = wrapper.application; includeInIndex = 0; path = "Control Fun.app"; sourceTree = BUILT_PRODUCTS_DIR; };
		40D13E7D1A8F670A008123B8 /* Info.plist */ = {isa = PBXFileReference; lastKnownFileType = text.plist.xml; path = Info.plist; sourceTree = "<group>"; };
		40D13E7E1A8F670A008123B8 /* AppDelegate.swift */ = {isa = PBXFileReference; lastKnownFileType = sourcecode.swift; path = AppDelegate.swift; sourceTree = "<group>"; };
		40D13E801A8F670A008123B8 /* ViewController.swift */ = {isa = PBXFileReference; lastKnownFileType = sourcecode.swift; path = ViewController.swift; sourceTree = "<group>"; };
		40D13E831A8F670A008123B8 /* Base */ = {isa = PBXFileReference; lastKnownFileType = file.storyboard; name = Base; path = Base.lproj/Main.storyboard; sourceTree = "<group>"; };
		40D13E851A8F670A008123B8 /* Images.xcassets */ = {isa = PBXFileReference; lastKnownFileType = folder.assetcatalog; path = Images.xcassets; sourceTree = "<group>"; };
		40D13E881A8F670A008123B8 /* Base */ = {isa = PBXFileReference; lastKnownFileType = file.xib; name = Base; path = Base.lproj/LaunchScreen.xib; sourceTree = "<group>"; };
		40D13E8E1A8F670A008123B8 /* Control FunTests.xctest */ = {isa = PBXFileReference; explicitFileType = wrapper.cfbundle; includeInIndex = 0; path = "Control FunTests.xctest"; sourceTree = BUILT_PRODUCTS_DIR; };
		40D13E931A8F670A008123B8 /* Info.plist */ = {isa = PBXFileReference; lastKnownFileType = text.plist.xml; path = Info.plist; sourceTree = "<group>"; };
		40D13E941A8F670A008123B8 /* Control_FunTests.swift */ = {isa = PBXFileReference; lastKnownFileType = sourcecode.swift; path = Control_FunTests.swift; sourceTree = "<group>"; };
/* End PBXFileReference section */

/* Begin PBXFrameworksBuildPhase section */
		40D13E761A8F670A008123B8 /* Frameworks */ = {
			isa = PBXFrameworksBuildPhase;
			buildActionMask = 2147483647;
			files = (
			);
			runOnlyForDeploymentPostprocessing = 0;
		};
		40D13E8B1A8F670A008123B8 /* Frameworks */ = {
			isa = PBXFrameworksBuildPhase;
			buildActionMask = 2147483647;
			files = (
			);
			runOnlyForDeploymentPostprocessing = 0;
		};
/* End PBXFrameworksBuildPhase section */

/* Begin PBXGroup section */
		40D13E701A8F670A008123B8 = {
			isa = PBXGroup;
			children = (
				40D13E7B1A8F670A008123B8 /* Control Fun */,
				40D13E911A8F670A008123B8 /* Control FunTests */,
				40D13E7A1A8F670A008123B8 /* Products */,
			);
			sourceTree = "<group>";
		};
		40D13E7A1A8F670A008123B8 /* Products */ = {
			isa = PBXGroup;
			children = (
				40D13E791A8F670A008123B8 /* Control Fun.app */,
				40D13E8E1A8F670A008123B8 /* Control FunTests.xctest */,
			);
			name = Products;
			sourceTree = "<group>";
		};
		40D13E7B1A8F670A008123B8 /* Control Fun */ = {
			isa = PBXGroup;
			children = (
				40D13E7E1A8F670A008123B8 /* AppDelegate.swift */,
				40D13E801A8F670A008123B8 /* ViewController.swift */,
				40D13E821A8F670A008123B8 /* Main.storyboard */,
				40D13E851A8F670A008123B8 /* Images.xcassets */,
				40D13E871A8F670A008123B8 /* LaunchScreen.xib */,
				40D13E7C1A8F670A008123B8 /* Supporting Files */,
			);
			path = "Control Fun";
			sourceTree = "<group>";
		};
		40D13E7C1A8F670A008123B8 /* Supporting Files */ = {
			isa = PBXGroup;
			children = (
				40D13E7D1A8F670A008123B8 /* Info.plist */,
			);
			name = "Supporting Files";
			sourceTree = "<group>";
		};
		40D13E911A8F670A008123B8 /* Control FunTests */ = {
			isa = PBXGroup;
			children = (
				40D13E941A8F670A008123B8 /* Control_FunTests.swift */,
				40D13E921A8F670A008123B8 /* Supporting Files */,
			);
			path = "Control FunTests";
			sourceTree = "<group>";
		};
		40D13E921A8F670A008123B8 /* Supporting Files */ = {
			isa = PBXGroup;
			children = (
				40D13E931A8F670A008123B8 /* Info.plist */,
			);
			name = "Supporting Files";
			sourceTree = "<group>";
		};
/* End PBXGroup section */

/* Begin PBXNativeTarget section */
		40D13E781A8F670A008123B8 /* Control Fun */ = {
			isa = PBXNativeTarget;
			buildConfigurationList = 40D13E981A8F670A008123B8 /* Build configuration list for PBXNativeTarget "Control Fun" */;
			buildPhases = (
				40D13E751A8F670A008123B8 /* Sources */,
				40D13E761A8F670A008123B8 /* Frameworks */,
				40D13E771A8F670A008123B8 /* Resources */,
			);
			buildRules = (
			);
			dependencies = (
			);
			name = "Control Fun";
			productName = "Control Fun";
			productReference = 40D13E791A8F670A008123B8 /* Control Fun.app */;
			productType = "com.apple.product-type.application";
		};
		40D13E8D1A8F670A008123B8 /* Control FunTests */ = {
			isa = PBXNativeTarget;
			buildConfigurationList = 40D13E9B1A8F670A008123B8 /* Build configuration list for PBXNativeTarget "Control FunTests" */;
			buildPhases = (
				40D13E8A1A8F670A008123B8 /* Sources */,
				40D13E8B1A8F670A008123B8 /* Frameworks */,
				40D13E8C1A8F670A008123B8 /* Resources */,
			);
			buildRules = (
			);
			dependencies = (
				40D13E901A8F670A008123B8 /* PBXTargetDependency */,
			);
			name = "Control FunTests";
			productName = "Control FunTests";
			productReference = 40D13E8E1A8F670A008123B8 /* Control FunTests.xctest */;
			productType = "com.apple.product-type.bundle.unit-test";
		};
/* End PBXNativeTarget section */

/* Begin PBXProject section */
		40D13E711A8F670A008123B8 /* Project object */ = {
			isa = PBXProject;
			attributes = {
				LastUpgradeCheck = 0610;
				ORGANIZATIONNAME = HamishDickson;
				TargetAttributes = {
					40D13E781A8F670A008123B8 = {
						CreatedOnToolsVersion = 6.1;
					};
					40D13E8D1A8F670A008123B8 = {
						CreatedOnToolsVersion = 6.1;
						TestTargetID = 40D13E781A8F670A008123B8;
					};
				};
			};
			buildConfigurationList = 40D13E741A8F670A008123B8 /* Build configuration list for PBXProject "Control Fun" */;
			compatibilityVersion = "Xcode 3.2";
			developmentRegion = English;
			hasScannedForEncodings = 0;
			knownRegions = (
				en,
				Base,
			);
			mainGroup = 40D13E701A8F670A008123B8;
			productRefGroup = 40D13E7A1A8F670A008123B8 /* Products */;
			projectDirPath = "";
			projectRoot = "";
			targets = (
				40D13E781A8F670A008123B8 /* Control Fun */,
				40D13E8D1A8F670A008123B8 /* Control FunTests */,
			);
		};
/* End PBXProject section */

/* Begin PBXResourcesBuildPhase section */
		40D13E771A8F670A008123B8 /* Resources */ = {
			isa = PBXResourcesBuildPhase;
			buildActionMask = 2147483647;
			files = (
				40D13E841A8F670A008123B8 /* Main.storyboard in Resources */,
				40D13E891A8F670A008123B8 /* LaunchScreen.xib in Resources */,
				40D13E861A8F670A008123B8 /* Images.xcassets in Resources */,
			);
			runOnlyForDeploymentPostprocessing = 0;
		};
		40D13E8C1A8F670A008123B8 /* Resources */ = {
			isa = PBXResourcesBuildPhase;
			buildActionMask = 2147483647;
			files = (
			);
			runOnlyForDeploymentPostprocessing = 0;
		};
/* End PBXResourcesBuildPhase section */

/* Begin PBXSourcesBuildPhase section */
		40D13E751A8F670A008123B8 /* Sources */ = {
			isa = PBXSourcesBuildPhase;
			buildActionMask = 2147483647;
			files = (
				40D13E811A8F670A008123B8 /* ViewController.swift in Sources */,
				40D13E7F1A8F670A008123B8 /* AppDelegate.swift in Sources */,
			);
			runOnlyForDeploymentPostprocessing = 0;
		};
		40D13E8A1A8F670A008123B8 /* Sources */ = {
			isa = PBXSourcesBuildPhase;
			buildActionMask = 2147483647;
			files = (
				40D13E951A8F670A008123B8 /* Control_FunTests.swift in Sources */,
			);
			runOnlyForDeploymentPostprocessing = 0;
		};
/* End PBXSourcesBuildPhase section */

/* Begin PBXTargetDependency section */
		40D13E901A8F670A008123B8 /* PBXTargetDependency */ = {
			isa = PBXTargetDependency;
			target = 40D13E781A8F670A008123B8 /* Control Fun */;
			targetProxy = 40D13E8F1A8F670A008123B8 /* PBXContainerItemProxy */;
		};
/* End PBXTargetDependency section */

/* Begin PBXVariantGroup section */
		40D13E821A8F670A008123B8 /* Main.storyboard */ = {
			isa = PBXVariantGroup;
			children = (
				40D13E831A8F670A008123B8 /* Base */,
			);
			name = Main.storyboard;
			sourceTree = "<group>";
		};
		40D13E871A8F670A008123B8 /* LaunchScreen.xib */ = {
			isa = PBXVariantGroup;
			children = (
				40D13E881A8F670A008123B8 /* Base */,
			);
			name = LaunchScreen.xib;
			sourceTree = "<group>";
		};
/* End PBXVariantGroup section */

/* Begin XCBuildConfiguration section */
		40D13E961A8F670A008123B8 /* Debug */ = {
			isa = XCBuildConfiguration;
			buildSettings = {
				ALWAYS_SEARCH_USER_PATHS = NO;
				CLANG_CXX_LANGUAGE_STANDARD = "gnu++0x";
				CLANG_CXX_LIBRARY = "libc++";
				CLANG_ENABLE_MODULES = YES;
				CLANG_ENABLE_OBJC_ARC = YES;
				CLANG_WARN_BOOL_CONVERSION = YES;
				CLANG_WARN_CONSTANT_CONVERSION = YES;
				CLANG_WARN_DIRECT_OBJC_ISA_USAGE = YES_ERROR;
				CLANG_WARN_EMPTY_BODY = YES;
				CLANG_WARN_ENUM_CONVERSION = YES;
				CLANG_WARN_INT_CONVERSION = YES;
				CLANG_WARN_OBJC_ROOT_CLASS = YES_ERROR;
				CLANG_WARN_UNREACHABLE_CODE = YES;
				CLANG_WARN__DUPLICATE_METHOD_MATCH = YES;
				"CODE_SIGN_IDENTITY[sdk=iphoneos*]" = "iPhone Developer";
				COPY_PHASE_STRIP = NO;
				ENABLE_STRICT_OBJC_MSGSEND = YES;
				GCC_C_LANGUAGE_STANDARD = gnu99;
				GCC_DYNAMIC_NO_PIC = NO;
				GCC_OPTIMIZATION_LEVEL = 0;
				GCC_PREPROCESSOR_DEFINITIONS = (
					"DEBUG=1",
					"$(inherited)",
				);
				GCC_SYMBOLS_PRIVATE_EXTERN = NO;
				GCC_WARN_64_TO_32_BIT_CONVERSION = YES;
				GCC_WARN_ABOUT_RETURN_TYPE = YES_ERROR;
				GCC_WARN_UNDECLARED_SELECTOR = YES;
				GCC_WARN_UNINITIALIZED_AUTOS = YES_AGGRESSIVE;
				GCC_WARN_UNUSED_FUNCTION = YES;
				GCC_WARN_UNUSED_VARIABLE = YES;
				IPHONEOS_DEPLOYMENT_TARGET = 8.1;
				MTL_ENABLE_DEBUG_INFO = YES;
				ONLY_ACTIVE_ARCH = YES;
				SDKROOT = iphoneos;
				SWIFT_OPTIMIZATION_LEVEL = "-Onone";
				TARGETED_DEVICE_FAMILY = "1,2";
			};
			name = Debug;
		};
		40D13E971A8F670A008123B8 /* Release */ = {
			isa = XCBuildConfiguration;
			buildSettings = {
				ALWAYS_SEARCH_USER_PATHS = NO;
				CLANG_CXX_LANGUAGE_STANDARD = "gnu++0x";
				CLANG_CXX_LIBRARY = "libc++";
				CLANG_ENABLE_MODULES = YES;
				CLANG_ENABLE_OBJC_ARC = YES;
				CLANG_WARN_BOOL_CONVERSION = YES;
				CLANG_WARN_CONSTANT_CONVERSION = YES;
				CLANG_WARN_DIRECT_OBJC_ISA_USAGE = YES_ERROR;
				CLANG_WARN_EMPTY_BODY = YES;
				CLANG_WARN_ENUM_CONVERSION = YES;
				CLANG_WARN_INT_CONVERSION = YES;
				CLANG_WARN_OBJC_ROOT_CLASS = YES_ERROR;
				CLANG_WARN_UNREACHABLE_CODE = YES;
				CLANG_WARN__DUPLICATE_METHOD_MATCH = YES;
				"CODE_SIGN_IDENTITY[sdk=iphoneos*]" = "iPhone Developer";
				COPY_PHASE_STRIP = YES;
				ENABLE_NS_ASSERTIONS = NO;
				ENABLE_STRICT_OBJC_MSGSEND = YES;
				GCC_C_LANGUAGE_STANDARD = gnu99;
				GCC_WARN_64_TO_32_BIT_CONVERSION = YES;
				GCC_WARN_ABOUT_RETURN_TYPE = YES_ERROR;
				GCC_WARN_UNDECLARED_SELECTOR = YES;
				GCC_WARN_UNINITIALIZED_AUTOS = YES_AGGRESSIVE;
				GCC_WARN_UNUSED_FUNCTION = YES;
				GCC_WARN_UNUSED_VARIABLE = YES;
				IPHONEOS_DEPLOYMENT_TARGET = 8.1;
				MTL_ENABLE_DEBUG_INFO = NO;
				SDKROOT = iphoneos;
				TARGETED_DEVICE_FAMILY = "1,2";
				VALIDATE_PRODUCT = YES;
			};
			name = Release;
		};
		40D13E991A8F670A008123B8 /* Debug */ = {
			isa = XCBuildConfiguration;
			buildSettings = {
				ASSETCATALOG_COMPILER_APPICON_NAME = AppIcon;
				INFOPLIST_FILE = "Control Fun/Info.plist";
				LD_RUNPATH_SEARCH_PATHS = "$(inherited) @executable_path/Frameworks";
				PRODUCT_NAME = "$(TARGET_NAME)";
			};
			name = Debug;
		};
		40D13E9A1A8F670A008123B8 /* Release */ = {
			isa = XCBuildConfiguration;
			buildSettings = {
				ASSETCATALOG_COMPILER_APPICON_NAME = AppIcon;
				INFOPLIST_FILE = "Control Fun/Info.plist";
				LD_RUNPATH_SEARCH_PATHS = "$(inherited) @executable_path/Frameworks";
				PRODUCT_NAME = "$(TARGET_NAME)";
			};
			name = Release;
		};
		40D13E9C1A8F670A008123B8 /* Debug */ = {
			isa = XCBuildConfiguration;
			buildSettings = {
				BUNDLE_LOADER = "$(TEST_HOST)";
				FRAMEWORK_SEARCH_PATHS = (
					"$(SDKROOT)/Developer/Library/Frameworks",
					"$(inherited)",
				);
				GCC_PREPROCESSOR_DEFINITIONS = (
					"DEBUG=1",
					"$(inherited)",
				);
				INFOPLIST_FILE = "Control FunTests/Info.plist";
				LD_RUNPATH_SEARCH_PATHS = "$(inherited) @executable_path/Frameworks @loader_path/Frameworks";
				PRODUCT_NAME = "$(TARGET_NAME)";
				TEST_HOST = "$(BUILT_PRODUCTS_DIR)/Control Fun.app/Control Fun";
			};
			name = Debug;
		};
		40D13E9D1A8F670A008123B8 /* Release */ = {
			isa = XCBuildConfiguration;
			buildSettings = {
				BUNDLE_LOADER = "$(TEST_HOST)";
				FRAMEWORK_SEARCH_PATHS = (
					"$(SDKROOT)/Developer/Library/Frameworks",
					"$(inherited)",
				);
				INFOPLIST_FILE = "Control FunTests/Info.plist";
				LD_RUNPATH_SEARCH_PATHS = "$(inherited) @executable_path/Frameworks @loader_path/Frameworks";
				PRODUCT_NAME = "$(TARGET_NAME)";
				TEST_HOST = "$(BUILT_PRODUCTS_DIR)/Control Fun.app/Control Fun";
			};
			name = Release;
		};
/* End XCBuildConfiguration section */

/* Begin XCConfigurationList section */
		40D13E741A8F670A008123B8 /* Build configuration list for PBXProject "Control Fun" */ = {
			isa = XCConfigurationList;
			buildConfigurations = (
				40D13E961A8F670A008123B8 /* Debug */,
				40D13E971A8F670A008123B8 /* Release */,
			);
			defaultConfigurationIsVisible = 0;
			defaultConfigurationName = Release;
		};
		40D13E981A8F670A008123B8 /* Build configuration list for PBXNativeTarget "Control Fun" */ = {
			isa = XCConfigurationList;
			buildConfigurations = (
				40D13E991A8F670A008123B8 /* Debug */,
				40D13E9A1A8F670A008123B8 /* Release */,
			);
			defaultConfigurationIsVisible = 0;
		};
		40D13E9B1A8F670A008123B8 /* Build configuration list for PBXNativeTarget "Control FunTests" */ = {
			isa = XCConfigurationList;
			buildConfigurations = (
				40D13E9C1A8F670A008123B8 /* Debug */,
				40D13E9D1A8F670A008123B8 /* Release */,
			);
			defaultConfigurationIsVisible = 0;
		};
/* End XCConfigurationList section */
	};
	rootObject = 40D13E711A8F670A008123B8 /* Project object */;
}
