// !$*UTF8*$!
{
	archiveVersion = 1;
	classes = {
	};
	objectVersion = 46;
	objects = {

/* Begin PBXBuildFile section */
		40D0F07E1AC820C200543914 /* AppDelegate.swift in Sources */ = {isa = PBXBuildFile; fileRef = 40D0F07D1AC820C200543914 /* AppDelegate.swift */; };
		40D0F0801AC820C200543914 /* ViewController.swift in Sources */ = {isa = PBXBuildFile; fileRef = 40D0F07F1AC820C200543914 /* ViewController.swift */; };
		40D0F0831AC820C200543914 /* Main.storyboard in Resources */ = {isa = PBXBuildFile; fileRef = 40D0F0811AC820C200543914 /* Main.storyboard */; };
		40D0F0851AC820C200543914 /* Images.xcassets in Resources */ = {isa = PBXBuildFile; fileRef = 40D0F0841AC820C200543914 /* Images.xcassets */; };
		40D0F0881AC820C200543914 /* LaunchScreen.xib in Resources */ = {isa = PBXBuildFile; fileRef = 40D0F0861AC820C200543914 /* LaunchScreen.xib */; };
		40D0F0941AC820C300543914 /* Simple_TableTests.swift in Sources */ = {isa = PBXBuildFile; fileRef = 40D0F0931AC820C300543914 /* Simple_TableTests.swift */; };
/* End PBXBuildFile section */

/* Begin PBXContainerItemProxy section */
		40D0F08E1AC820C300543914 /* PBXContainerItemProxy */ = {
			isa = PBXContainerItemProxy;
			containerPortal = 40D0F0701AC820C200543914 /* Project object */;
			proxyType = 1;
			remoteGlobalIDString = 40D0F0771AC820C200543914;
			remoteInfo = "Simple Table";
		};
/* End PBXContainerItemProxy section */

/* Begin PBXFileReference section */
		40D0F0781AC820C200543914 /* Simple Table.app */ = {isa = PBXFileReference; explicitFileType = wrapper.application; includeInIndex = 0; path = "Simple Table.app"; sourceTree = BUILT_PRODUCTS_DIR; };
		40D0F07C1AC820C200543914 /* Info.plist */ = {isa = PBXFileReference; lastKnownFileType = text.plist.xml; path = Info.plist; sourceTree = "<group>"; };
		40D0F07D1AC820C200543914 /* AppDelegate.swift */ = {isa = PBXFileReference; lastKnownFileType = sourcecode.swift; path = AppDelegate.swift; sourceTree = "<group>"; };
		40D0F07F1AC820C200543914 /* ViewController.swift */ = {isa = PBXFileReference; lastKnownFileType = sourcecode.swift; path = ViewController.swift; sourceTree = "<group>"; };
		40D0F0821AC820C200543914 /* Base */ = {isa = PBXFileReference; lastKnownFileType = file.storyboard; name = Base; path = Base.lproj/Main.storyboard; sourceTree = "<group>"; };
		40D0F0841AC820C200543914 /* Images.xcassets */ = {isa = PBXFileReference; lastKnownFileType = folder.assetcatalog; path = Images.xcassets; sourceTree = "<group>"; };
		40D0F0871AC820C200543914 /* Base */ = {isa = PBXFileReference; lastKnownFileType = file.xib; name = Base; path = Base.lproj/LaunchScreen.xib; sourceTree = "<group>"; };
		40D0F08D1AC820C300543914 /* Simple TableTests.xctest */ = {isa = PBXFileReference; explicitFileType = wrapper.cfbundle; includeInIndex = 0; path = "Simple TableTests.xctest"; sourceTree = BUILT_PRODUCTS_DIR; };
		40D0F0921AC820C300543914 /* Info.plist */ = {isa = PBXFileReference; lastKnownFileType = text.plist.xml; path = Info.plist; sourceTree = "<group>"; };
		40D0F0931AC820C300543914 /* Simple_TableTests.swift */ = {isa = PBXFileReference; lastKnownFileType = sourcecode.swift; path = Simple_TableTests.swift; sourceTree = "<group>"; };
/* End PBXFileReference section */

/* Begin PBXFrameworksBuildPhase section */
		40D0F0751AC820C200543914 /* Frameworks */ = {
			isa = PBXFrameworksBuildPhase;
			buildActionMask = 2147483647;
			files = (
			);
			runOnlyForDeploymentPostprocessing = 0;
		};
		40D0F08A1AC820C300543914 /* Frameworks */ = {
			isa = PBXFrameworksBuildPhase;
			buildActionMask = 2147483647;
			files = (
			);
			runOnlyForDeploymentPostprocessing = 0;
		};
/* End PBXFrameworksBuildPhase section */

/* Begin PBXGroup section */
		40D0F06F1AC820C200543914 = {
			isa = PBXGroup;
			children = (
				40D0F07A1AC820C200543914 /* Simple Table */,
				40D0F0901AC820C300543914 /* Simple TableTests */,
				40D0F0791AC820C200543914 /* Products */,
			);
			sourceTree = "<group>";
		};
		40D0F0791AC820C200543914 /* Products */ = {
			isa = PBXGroup;
			children = (
				40D0F0781AC820C200543914 /* Simple Table.app */,
				40D0F08D1AC820C300543914 /* Simple TableTests.xctest */,
			);
			name = Products;
			sourceTree = "<group>";
		};
		40D0F07A1AC820C200543914 /* Simple Table */ = {
			isa = PBXGroup;
			children = (
				40D0F07D1AC820C200543914 /* AppDelegate.swift */,
				40D0F07F1AC820C200543914 /* ViewController.swift */,
				40D0F0811AC820C200543914 /* Main.storyboard */,
				40D0F0841AC820C200543914 /* Images.xcassets */,
				40D0F0861AC820C200543914 /* LaunchScreen.xib */,
				40D0F07B1AC820C200543914 /* Supporting Files */,
			);
			path = "Simple Table";
			sourceTree = "<group>";
		};
		40D0F07B1AC820C200543914 /* Supporting Files */ = {
			isa = PBXGroup;
			children = (
				40D0F07C1AC820C200543914 /* Info.plist */,
			);
			name = "Supporting Files";
			sourceTree = "<group>";
		};
		40D0F0901AC820C300543914 /* Simple TableTests */ = {
			isa = PBXGroup;
			children = (
				40D0F0931AC820C300543914 /* Simple_TableTests.swift */,
				40D0F0911AC820C300543914 /* Supporting Files */,
			);
			path = "Simple TableTests";
			sourceTree = "<group>";
		};
		40D0F0911AC820C300543914 /* Supporting Files */ = {
			isa = PBXGroup;
			children = (
				40D0F0921AC820C300543914 /* Info.plist */,
			);
			name = "Supporting Files";
			sourceTree = "<group>";
		};
/* End PBXGroup section */

/* Begin PBXNativeTarget section */
		40D0F0771AC820C200543914 /* Simple Table */ = {
			isa = PBXNativeTarget;
			buildConfigurationList = 40D0F0971AC820C300543914 /* Build configuration list for PBXNativeTarget "Simple Table" */;
			buildPhases = (
				40D0F0741AC820C200543914 /* Sources */,
				40D0F0751AC820C200543914 /* Frameworks */,
				40D0F0761AC820C200543914 /* Resources */,
			);
			buildRules = (
			);
			dependencies = (
			);
			name = "Simple Table";
			productName = "Simple Table";
			productReference = 40D0F0781AC820C200543914 /* Simple Table.app */;
			productType = "com.apple.product-type.application";
		};
		40D0F08C1AC820C300543914 /* Simple TableTests */ = {
			isa = PBXNativeTarget;
			buildConfigurationList = 40D0F09A1AC820C300543914 /* Build configuration list for PBXNativeTarget "Simple TableTests" */;
			buildPhases = (
				40D0F0891AC820C300543914 /* Sources */,
				40D0F08A1AC820C300543914 /* Frameworks */,
				40D0F08B1AC820C300543914 /* Resources */,
			);
			buildRules = (
			);
			dependencies = (
				40D0F08F1AC820C300543914 /* PBXTargetDependency */,
			);
			name = "Simple TableTests";
			productName = "Simple TableTests";
			productReference = 40D0F08D1AC820C300543914 /* Simple TableTests.xctest */;
			productType = "com.apple.product-type.bundle.unit-test";
		};
/* End PBXNativeTarget section */

/* Begin PBXProject section */
		40D0F0701AC820C200543914 /* Project object */ = {
			isa = PBXProject;
			attributes = {
				LastUpgradeCheck = 0610;
				ORGANIZATIONNAME = HamishDickson;
				TargetAttributes = {
					40D0F0771AC820C200543914 = {
						CreatedOnToolsVersion = 6.1;
					};
					40D0F08C1AC820C300543914 = {
						CreatedOnToolsVersion = 6.1;
						TestTargetID = 40D0F0771AC820C200543914;
					};
				};
			};
			buildConfigurationList = 40D0F0731AC820C200543914 /* Build configuration list for PBXProject "Simple Table" */;
			compatibilityVersion = "Xcode 3.2";
			developmentRegion = English;
			hasScannedForEncodings = 0;
			knownRegions = (
				en,
				Base,
			);
			mainGroup = 40D0F06F1AC820C200543914;
			productRefGroup = 40D0F0791AC820C200543914 /* Products */;
			projectDirPath = "";
			projectRoot = "";
			targets = (
				40D0F0771AC820C200543914 /* Simple Table */,
				40D0F08C1AC820C300543914 /* Simple TableTests */,
			);
		};
/* End PBXProject section */

/* Begin PBXResourcesBuildPhase section */
		40D0F0761AC820C200543914 /* Resources */ = {
			isa = PBXResourcesBuildPhase;
			buildActionMask = 2147483647;
			files = (
				40D0F0831AC820C200543914 /* Main.storyboard in Resources */,
				40D0F0881AC820C200543914 /* LaunchScreen.xib in Resources */,
				40D0F0851AC820C200543914 /* Images.xcassets in Resources */,
			);
			runOnlyForDeploymentPostprocessing = 0;
		};
		40D0F08B1AC820C300543914 /* Resources */ = {
			isa = PBXResourcesBuildPhase;
			buildActionMask = 2147483647;
			files = (
			);
			runOnlyForDeploymentPostprocessing = 0;
		};
/* End PBXResourcesBuildPhase section */

/* Begin PBXSourcesBuildPhase section */
		40D0F0741AC820C200543914 /* Sources */ = {
			isa = PBXSourcesBuildPhase;
			buildActionMask = 2147483647;
			files = (
				40D0F0801AC820C200543914 /* ViewController.swift in Sources */,
				40D0F07E1AC820C200543914 /* AppDelegate.swift in Sources */,
			);
			runOnlyForDeploymentPostprocessing = 0;
		};
		40D0F0891AC820C300543914 /* Sources */ = {
			isa = PBXSourcesBuildPhase;
			buildActionMask = 2147483647;
			files = (
				40D0F0941AC820C300543914 /* Simple_TableTests.swift in Sources */,
			);
			runOnlyForDeploymentPostprocessing = 0;
		};
/* End PBXSourcesBuildPhase section */

/* Begin PBXTargetDependency section */
		40D0F08F1AC820C300543914 /* PBXTargetDependency */ = {
			isa = PBXTargetDependency;
			target = 40D0F0771AC820C200543914 /* Simple Table */;
			targetProxy = 40D0F08E1AC820C300543914 /* PBXContainerItemProxy */;
		};
/* End PBXTargetDependency section */

/* Begin PBXVariantGroup section */
		40D0F0811AC820C200543914 /* Main.storyboard */ = {
			isa = PBXVariantGroup;
			children = (
				40D0F0821AC820C200543914 /* Base */,
			);
			name = Main.storyboard;
			sourceTree = "<group>";
		};
		40D0F0861AC820C200543914 /* LaunchScreen.xib */ = {
			isa = PBXVariantGroup;
			children = (
				40D0F0871AC820C200543914 /* Base */,
			);
			name = LaunchScreen.xib;
			sourceTree = "<group>";
		};
/* End PBXVariantGroup section */

/* Begin XCBuildConfiguration section */
		40D0F0951AC820C300543914 /* Debug */ = {
			isa = XCBuildConfiguration;
			buildSettings = {
				ALWAYS_SEARCH_USER_PATHS = NO;
				CLANG_CXX_LANGUAGE_STANDARD = "gnu++0x";
				CLANG_CXX_LIBRARY = "libc++";
				CLANG_ENABLE_MODULES = YES;
				CLANG_ENABLE_OBJC_ARC = YES;
				CLANG_WARN_BOOL_CONVERSION = YES;
				CLANG_WARN_CONSTANT_CONVERSION = YES;
				CLANG_WARN_DIRECT_OBJC_ISA_USAGE = YES_ERROR;
				CLANG_WARN_EMPTY_BODY = YES;
				CLANG_WARN_ENUM_CONVERSION = YES;
				CLANG_WARN_INT_CONVERSION = YES;
				CLANG_WARN_OBJC_ROOT_CLASS = YES_ERROR;
				CLANG_WARN_UNREACHABLE_CODE = YES;
				CLANG_WARN__DUPLICATE_METHOD_MATCH = YES;
				"CODE_SIGN_IDENTITY[sdk=iphoneos*]" = "iPhone Developer";
				COPY_PHASE_STRIP = NO;
				ENABLE_STRICT_OBJC_MSGSEND = YES;
				GCC_C_LANGUAGE_STANDARD = gnu99;
				GCC_DYNAMIC_NO_PIC = NO;
				GCC_OPTIMIZATION_LEVEL = 0;
				GCC_PREPROCESSOR_DEFINITIONS = (
					"DEBUG=1",
					"$(inherited)",
				);
				GCC_SYMBOLS_PRIVATE_EXTERN = NO;
				GCC_WARN_64_TO_32_BIT_CONVERSION = YES;
				GCC_WARN_ABOUT_RETURN_TYPE = YES_ERROR;
				GCC_WARN_UNDECLARED_SELECTOR = YES;
				GCC_WARN_UNINITIALIZED_AUTOS = YES_AGGRESSIVE;
				GCC_WARN_UNUSED_FUNCTION = YES;
				GCC_WARN_UNUSED_VARIABLE = YES;
				IPHONEOS_DEPLOYMENT_TARGET = 8.1;
				MTL_ENABLE_DEBUG_INFO = YES;
				ONLY_ACTIVE_ARCH = YES;
				SDKROOT = iphoneos;
				SWIFT_OPTIMIZATION_LEVEL = "-Onone";
				TARGETED_DEVICE_FAMILY = "1,2";
			};
			name = Debug;
		};
		40D0F0961AC820C300543914 /* Release */ = {
			isa = XCBuildConfiguration;
			buildSettings = {
				ALWAYS_SEARCH_USER_PATHS = NO;
				CLANG_CXX_LANGUAGE_STANDARD = "gnu++0x";
				CLANG_CXX_LIBRARY = "libc++";
				CLANG_ENABLE_MODULES = YES;
				CLANG_ENABLE_OBJC_ARC = YES;
				CLANG_WARN_BOOL_CONVERSION = YES;
				CLANG_WARN_CONSTANT_CONVERSION = YES;
				CLANG_WARN_DIRECT_OBJC_ISA_USAGE = YES_ERROR;
				CLANG_WARN_EMPTY_BODY = YES;
				CLANG_WARN_ENUM_CONVERSION = YES;
				CLANG_WARN_INT_CONVERSION = YES;
				CLANG_WARN_OBJC_ROOT_CLASS = YES_ERROR;
				CLANG_WARN_UNREACHABLE_CODE = YES;
				CLANG_WARN__DUPLICATE_METHOD_MATCH = YES;
				"CODE_SIGN_IDENTITY[sdk=iphoneos*]" = "iPhone Developer";
				COPY_PHASE_STRIP = YES;
				ENABLE_NS_ASSERTIONS = NO;
				ENABLE_STRICT_OBJC_MSGSEND = YES;
				GCC_C_LANGUAGE_STANDARD = gnu99;
				GCC_WARN_64_TO_32_BIT_CONVERSION = YES;
				GCC_WARN_ABOUT_RETURN_TYPE = YES_ERROR;
				GCC_WARN_UNDECLARED_SELECTOR = YES;
				GCC_WARN_UNINITIALIZED_AUTOS = YES_AGGRESSIVE;
				GCC_WARN_UNUSED_FUNCTION = YES;
				GCC_WARN_UNUSED_VARIABLE = YES;
				IPHONEOS_DEPLOYMENT_TARGET = 8.1;
				MTL_ENABLE_DEBUG_INFO = NO;
				SDKROOT = iphoneos;
				TARGETED_DEVICE_FAMILY = "1,2";
				VALIDATE_PRODUCT = YES;
			};
			name = Release;
		};
		40D0F0981AC820C300543914 /* Debug */ = {
			isa = XCBuildConfiguration;
			buildSettings = {
				ASSETCATALOG_COMPILER_APPICON_NAME = AppIcon;
				INFOPLIST_FILE = "Simple Table/Info.plist";
				LD_RUNPATH_SEARCH_PATHS = "$(inherited) @executable_path/Frameworks";
				PRODUCT_NAME = "$(TARGET_NAME)";
			};
			name = Debug;
		};
		40D0F0991AC820C300543914 /* Release */ = {
			isa = XCBuildConfiguration;
			buildSettings = {
				ASSETCATALOG_COMPILER_APPICON_NAME = AppIcon;
				INFOPLIST_FILE = "Simple Table/Info.plist";
				LD_RUNPATH_SEARCH_PATHS = "$(inherited) @executable_path/Frameworks";
				PRODUCT_NAME = "$(TARGET_NAME)";
			};
			name = Release;
		};
		40D0F09B1AC820C300543914 /* Debug */ = {
			isa = XCBuildConfiguration;
			buildSettings = {
				BUNDLE_LOADER = "$(TEST_HOST)";
				FRAMEWORK_SEARCH_PATHS = (
					"$(SDKROOT)/Developer/Library/Frameworks",
					"$(inherited)",
				);
				GCC_PREPROCESSOR_DEFINITIONS = (
					"DEBUG=1",
					"$(inherited)",
				);
				INFOPLIST_FILE = "Simple TableTests/Info.plist";
				LD_RUNPATH_SEARCH_PATHS = "$(inherited) @executable_path/Frameworks @loader_path/Frameworks";
				PRODUCT_NAME = "$(TARGET_NAME)";
				TEST_HOST = "$(BUILT_PRODUCTS_DIR)/Simple Table.app/Simple Table";
			};
			name = Debug;
		};
		40D0F09C1AC820C300543914 /* Release */ = {
			isa = XCBuildConfiguration;
			buildSettings = {
				BUNDLE_LOADER = "$(TEST_HOST)";
				FRAMEWORK_SEARCH_PATHS = (
					"$(SDKROOT)/Developer/Library/Frameworks",
					"$(inherited)",
				);
				INFOPLIST_FILE = "Simple TableTests/Info.plist";
				LD_RUNPATH_SEARCH_PATHS = "$(inherited) @executable_path/Frameworks @loader_path/Frameworks";
				PRODUCT_NAME = "$(TARGET_NAME)";
				TEST_HOST = "$(BUILT_PRODUCTS_DIR)/Simple Table.app/Simple Table";
			};
			name = Release;
		};
/* End XCBuildConfiguration section */

/* Begin XCConfigurationList section */
		40D0F0731AC820C200543914 /* Build configuration list for PBXProject "Simple Table" */ = {
			isa = XCConfigurationList;
			buildConfigurations = (
				40D0F0951AC820C300543914 /* Debug */,
				40D0F0961AC820C300543914 /* Release */,
			);
			defaultConfigurationIsVisible = 0;
			defaultConfigurationName = Release;
		};
		40D0F0971AC820C300543914 /* Build configuration list for PBXNativeTarget "Simple Table" */ = {
			isa = XCConfigurationList;
			buildConfigurations = (
				40D0F0981AC820C300543914 /* Debug */,
				40D0F0991AC820C300543914 /* Release */,
			);
			defaultConfigurationIsVisible = 0;
		};
		40D0F09A1AC820C300543914 /* Build configuration list for PBXNativeTarget "Simple TableTests" */ = {
			isa = XCConfigurationList;
			buildConfigurations = (
				40D0F09B1AC820C300543914 /* Debug */,
				40D0F09C1AC820C300543914 /* Release */,
			);
			defaultConfigurationIsVisible = 0;
		};
/* End XCConfigurationList section */
	};
	rootObject = 40D0F0701AC820C200543914 /* Project object */;
}
